
Microsoft Visual Studio Solution File, Format Version 12.00
# Visual Studio Version 17
VisualStudioVersion = 17.2.32630.192
MinimumVisualStudioVersion = 10.0.40219.1
Project("{FAE04EC0-301F-11D3-BF4B-00C04F79EFBC}") = "Oqituvchi_test", "Oqituvchi_test\Oqituvchi_test.csproj", "{2C327136-9B19-4B24-BA03-50BCC439F714}"
EndProject
Project("{54435603-DBB4-11D2-8724-00A0C9A8B90C}") = "Setup", "Setup\Setup.vdproj", "{75DB90AC-2630-4A0B-A3D1-5031CE50D249}"
EndProject
Global
	GlobalSection(SolutionConfigurationPlatforms) = preSolution
		Debug|Any CPU = Debug|Any CPU
		Release|Any CPU = Release|Any CPU
	EndGlobalSection
	GlobalSection(ProjectConfigurationPlatforms) = postSolution
		{2C327136-9B19-4B24-BA03-50BCC439F714}.Debug|Any CPU.ActiveCfg = Debug|Any CPU
		{2C327136-9B19-4B24-BA03-50BCC439F714}.Debug|Any CPU.Build.0 = Debug|Any CPU
		{2C327136-9B19-4B24-BA03-50BCC439F714}.Release|Any CPU.ActiveCfg = Release|Any CPU
		{2C327136-9B19-4B24-BA03-50BCC439F714}.Release|Any CPU.Build.0 = Release|Any CPU
		{75DB90AC-2630-4A0B-A3D1-5031CE50D249}.Debug|Any CPU.ActiveCfg = Debug
		{75DB90AC-2630-4A0B-A3D1-5031CE50D249}.Release|Any CPU.ActiveCfg = Release
	EndGlobalSection
	GlobalSection(SolutionProperties) = preSolution
		HideSolutionNode = FALSE
	EndGlobalSection
	GlobalSection(ExtensibilityGlobals) = postSolution
		SolutionGuid = {A3FDB0B4-798E-43B9-A4EF-24DCEE8C6BD1}
	EndGlobalSection
EndGlobal
